
Microsoft Visual Studio Solution File, Format Version 12.00
# Visual Studio Version 17
VisualStudioVersion = 17.3.32929.385
MinimumVisualStudioVersion = 10.0.40219.1
Project("{FAE04EC0-301F-11D3-BF4B-00C04F79EFBC}") = "Books", "Books\Books.csproj", "{727A27A7-9006-489C-8112-F8506AA25CB0}"
EndProject
Global
	GlobalSection(SolutionConfigurationPlatforms) = preSolution
		Debug|Any CPU = Debug|Any CPU
		Release|Any CPU = Release|Any CPU
	EndGlobalSection
	GlobalSection(ProjectConfigurationPlatforms) = postSolution
		{727A27A7-9006-489C-8112-F8506AA25CB0}.Debug|Any CPU.ActiveCfg = Debug|Any CPU
		{727A27A7-9006-489C-8112-F8506AA25CB0}.Debug|Any CPU.Build.0 = Debug|Any CPU
		{727A27A7-9006-489C-8112-F8506AA25CB0}.Release|Any CPU.ActiveCfg = Release|Any CPU
		{727A27A7-9006-489C-8112-F8506AA25CB0}.Release|Any CPU.Build.0 = Release|Any CPU
	EndGlobalSection
	GlobalSection(SolutionProperties) = preSolution
		HideSolutionNode = FALSE
	EndGlobalSection
	GlobalSection(ExtensibilityGlobals) = postSolution
		SolutionGuid = {FE55F424-CEEF-4582-A713-6669CAF6E959}
	EndGlobalSection
EndGlobal
